
Microsoft Visual Studio Solution File, Format Version 12.00
# Visual Studio Version 17
VisualStudioVersion = 17.2.32630.192
MinimumVisualStudioVersion = 10.0.40219.1
Project("{FAE04EC0-301F-11D3-BF4B-00C04F79EFBC}") = "Program01", "Program01\Program01.csproj", "{BA81411B-D8D6-4D42-9BB3-F481116D0CF6}"
EndProject
Project("{FAE04EC0-301F-11D3-BF4B-00C04F79EFBC}") = "Program02", "Program02\Program02.csproj", "{652BEA07-4A81-4304-82CA-451F7A83A387}"
EndProject
Project("{FAE04EC0-301F-11D3-BF4B-00C04F79EFBC}") = "Program03", "Program03\Program03.csproj", "{684085E9-7AAE-4763-9A0E-8251DB9D3477}"
EndProject
Project("{FAE04EC0-301F-11D3-BF4B-00C04F79EFBC}") = "Program04", "Program04\Program04.csproj", "{C2630575-0E06-49CF-86A8-9FCDC604BCF9}"
EndProject
Project("{FAE04EC0-301F-11D3-BF4B-00C04F79EFBC}") = "Program05", "Program05\Program05.csproj", "{A88ADC3D-7242-4D3D-8706-52DED521475B}"
EndProject
Project("{FAE04EC0-301F-11D3-BF4B-00C04F79EFBC}") = "Program06", "Program06\Program06.csproj", "{6AB627F2-0745-44EB-996B-8074C4015E2F}"
EndProject
Project("{FAE04EC0-301F-11D3-BF4B-00C04F79EFBC}") = "Program07", "Program07\Program07.csproj", "{E21A8CB7-88BB-4E93-ABCC-E53A005FB4A3}"
EndProject
Project("{FAE04EC0-301F-11D3-BF4B-00C04F79EFBC}") = "Program08", "Program08\Program08.csproj", "{711B9E12-4C83-4CBB-9064-4BD6626A5808}"
EndProject
Project("{FAE04EC0-301F-11D3-BF4B-00C04F79EFBC}") = "Program09", "Program09\Program09.csproj", "{1A476660-B3F8-4D2B-A794-F22A3DD8BE77}"
EndProject
Project("{FAE04EC0-301F-11D3-BF4B-00C04F79EFBC}") = "Program10", "Program10\Program10.csproj", "{C3AE6075-8B1A-40FB-B579-1ACAC1CAA280}"
EndProject
Project("{FAE04EC0-301F-11D3-BF4B-00C04F79EFBC}") = "Program11", "Program11\Program11.csproj", "{38065098-C41F-43C6-9D84-022E5CAEEBD5}"
EndProject
Project("{FAE04EC0-301F-11D3-BF4B-00C04F79EFBC}") = "Program12(1)", "Program12(1)\Program12(1).csproj", "{8E0D2463-7F82-4161-9C1D-FE3656D7CF87}"
EndProject
Project("{FAE04EC0-301F-11D3-BF4B-00C04F79EFBC}") = "Program12(2)", "Program12(2)\Program12(2).csproj", "{67BE7A79-3D80-4FD1-805F-CB6A535EFDBF}"
EndProject
Project("{FAE04EC0-301F-11D3-BF4B-00C04F79EFBC}") = "Program12(3)", "Program12(3)\Program12(3).csproj", "{60E38ADB-41BF-4F19-88BE-813480B3D4A5}"
EndProject
Project("{FAE04EC0-301F-11D3-BF4B-00C04F79EFBC}") = "Program12(4)", "Program12(4)\Program12(4).csproj", "{C348655B-C2DF-46EC-931D-907C4675D57B}"
EndProject
Project("{FAE04EC0-301F-11D3-BF4B-00C04F79EFBC}") = "Program12(5)", "Program12(5)\Program12(5).csproj", "{36C3C272-C9B5-4437-959C-F700EDC35E11}"
EndProject
Project("{FAE04EC0-301F-11D3-BF4B-00C04F79EFBC}") = "Program12(6)", "Program12(6)\Program12(6).csproj", "{92E6FEE8-4A01-4A95-8B1E-B4CA0160855D}"
EndProject
Project("{FAE04EC0-301F-11D3-BF4B-00C04F79EFBC}") = "Program13", "Program13\Program13.csproj", "{C9AE1843-FEF3-464B-89BC-B8DE4ABFAC22}"
EndProject
Project("{FAE04EC0-301F-11D3-BF4B-00C04F79EFBC}") = "Program14", "Program14\Program14.csproj", "{E38E3C3E-D0C6-498F-A095-0427D0B75995}"
EndProject
Project("{FAE04EC0-301F-11D3-BF4B-00C04F79EFBC}") = "Program15", "Program15\Program15.csproj", "{6F9D5CCD-B896-4BDA-B196-E840E56BE57B}"
EndProject
Project("{FAE04EC0-301F-11D3-BF4B-00C04F79EFBC}") = "Program16", "Program16\Program16.csproj", "{EDF25E38-812C-403C-A8B2-4690BDEA61A5}"
EndProject
Project("{FAE04EC0-301F-11D3-BF4B-00C04F79EFBC}") = "Program17", "Program17\Program17.csproj", "{7372EEE8-F369-4958-A167-D38F6FA72B52}"
EndProject
Project("{FAE04EC0-301F-11D3-BF4B-00C04F79EFBC}") = "Program18", "Program18\Program18.csproj", "{DA1E89F5-9AFF-4F7E-9818-39F5B951B939}"
EndProject
Project("{FAE04EC0-301F-11D3-BF4B-00C04F79EFBC}") = "Program19(1)", "Program19(1)\Program19(1).csproj", "{2DA6D9ED-553D-4B07-99C7-24791C86B08B}"
EndProject
Project("{FAE04EC0-301F-11D3-BF4B-00C04F79EFBC}") = "Program19(2)", "Program19(2)\Program19(2).csproj", "{8C29A6A4-581F-4B83-98A9-F1CC5AF2ABE1}"
EndProject
Project("{FAE04EC0-301F-11D3-BF4B-00C04F79EFBC}") = "Program19(3)", "Program19(3)\Program19(3).csproj", "{06842812-98AA-473C-AD09-9C4939D794BE}"
EndProject
Project("{FAE04EC0-301F-11D3-BF4B-00C04F79EFBC}") = "Program19(4)", "Program19(4)\Program19(4).csproj", "{E1944AB7-5230-4ADA-B836-794EDA139580}"
EndProject
Project("{FAE04EC0-301F-11D3-BF4B-00C04F79EFBC}") = "Program20", "Program20\Program20.csproj", "{FD424177-744A-4DBA-BE2E-F6CDF806F626}"
EndProject
Project("{FAE04EC0-301F-11D3-BF4B-00C04F79EFBC}") = "Program21", "Program21\Program21.csproj", "{3FF1C3C0-9385-47D8-885D-1F1FABFE5AE0}"
EndProject
Project("{FAE04EC0-301F-11D3-BF4B-00C04F79EFBC}") = "Program22", "Program22\Program22.csproj", "{B6866BDA-7254-4827-86FA-9D23D1579413}"
EndProject
Project("{FAE04EC0-301F-11D3-BF4B-00C04F79EFBC}") = "Program23(4)", "Program23(4)\Program23(4).csproj", "{286F03B5-AD72-429C-BB7B-5AD961C02BD5}"
EndProject
Project("{FAE04EC0-301F-11D3-BF4B-00C04F79EFBC}") = "Program25(3)", "Program25(3)\Program25(3).csproj", "{A52527BE-3F71-4417-8465-FEEB6BD89C83}"
EndProject
Project("{FAE04EC0-301F-11D3-BF4B-00C04F79EFBC}") = "Program23(1)", "Program23(1)\Program23(1).csproj", "{1EA6244A-5CB2-46D9-98C3-F25AFD989B80}"
EndProject
Project("{FAE04EC0-301F-11D3-BF4B-00C04F79EFBC}") = "Program23(2)", "Program23(2)\Program23(2).csproj", "{7A20C56D-F382-48B4-883B-40595A300613}"
EndProject
Project("{FAE04EC0-301F-11D3-BF4B-00C04F79EFBC}") = "Program23(3)", "Program23(3)\Program23(3).csproj", "{94AA71F8-A23A-4EBF-934C-EB25513F9637}"
EndProject
Project("{FAE04EC0-301F-11D3-BF4B-00C04F79EFBC}") = "Program24(1)", "Program24(1)\Program24(1).csproj", "{35ACA174-0AF9-421C-8536-6D5E12C859CB}"
EndProject
Project("{FAE04EC0-301F-11D3-BF4B-00C04F79EFBC}") = "Program24(2)", "Program24(2)\Program24(2).csproj", "{18C4A871-259F-4F85-B9FD-4AF55E481DA8}"
EndProject
Project("{FAE04EC0-301F-11D3-BF4B-00C04F79EFBC}") = "Program24(3)", "Program24(3)\Program24(3).csproj", "{71904C61-A8F8-47D1-9F45-A9C0494D3B3E}"
EndProject
Project("{FAE04EC0-301F-11D3-BF4B-00C04F79EFBC}") = "Program24(4)", "Program24(4)\Program24(4).csproj", "{853B1180-6A44-4565-B43F-DCE2318BC4CF}"
EndProject
Project("{FAE04EC0-301F-11D3-BF4B-00C04F79EFBC}") = "Program25(1)", "Program25(1)\Program25(1).csproj", "{AB0005DD-CE03-46BC-A4B6-70A2E19112A9}"
EndProject
Project("{FAE04EC0-301F-11D3-BF4B-00C04F79EFBC}") = "Program25(2)", "Program25(2)\Program25(2).csproj", "{AF8AE395-5B07-4CE3-B628-0E3FF8481C39}"
EndProject
Project("{FAE04EC0-301F-11D3-BF4B-00C04F79EFBC}") = "Program25(4)", "Program25(4)\Program25(4).csproj", "{59522673-35F3-4907-AEBE-2F67AF3BCA51}"
EndProject
Project("{FAE04EC0-301F-11D3-BF4B-00C04F79EFBC}") = "Program26", "Program26\Program26.csproj", "{62E87B67-D5FF-4A62-8F9A-F28F400D1892}"
EndProject
Project("{FAE04EC0-301F-11D3-BF4B-00C04F79EFBC}") = "Program27", "Program27\Program27.csproj", "{EEBDA05C-AEF5-4167-80A6-F497131121DC}"
EndProject
Project("{FAE04EC0-301F-11D3-BF4B-00C04F79EFBC}") = "Program28", "Program28\Program28.csproj", "{D3CA5BB5-6B73-492A-8AF2-8AA6AA5A5BC0}"
EndProject
Project("{FAE04EC0-301F-11D3-BF4B-00C04F79EFBC}") = "Program29", "Program29\Program29.csproj", "{02C50074-3864-4055-9FD1-F48B1705FD53}"
EndProject
Project("{FAE04EC0-301F-11D3-BF4B-00C04F79EFBC}") = "Program30", "Program30\Program30.csproj", "{FD2BCC52-078D-4924-AE28-C23F9B1F1E93}"
EndProject
Global
	GlobalSection(SolutionConfigurationPlatforms) = preSolution
		Debug|Any CPU = Debug|Any CPU
		Release|Any CPU = Release|Any CPU
	EndGlobalSection
	GlobalSection(ProjectConfigurationPlatforms) = postSolution
		{BA81411B-D8D6-4D42-9BB3-F481116D0CF6}.Debug|Any CPU.ActiveCfg = Debug|Any CPU
		{BA81411B-D8D6-4D42-9BB3-F481116D0CF6}.Debug|Any CPU.Build.0 = Debug|Any CPU
		{BA81411B-D8D6-4D42-9BB3-F481116D0CF6}.Release|Any CPU.ActiveCfg = Release|Any CPU
		{BA81411B-D8D6-4D42-9BB3-F481116D0CF6}.Release|Any CPU.Build.0 = Release|Any CPU
		{652BEA07-4A81-4304-82CA-451F7A83A387}.Debug|Any CPU.ActiveCfg = Debug|Any CPU
		{652BEA07-4A81-4304-82CA-451F7A83A387}.Debug|Any CPU.Build.0 = Debug|Any CPU
		{652BEA07-4A81-4304-82CA-451F7A83A387}.Release|Any CPU.ActiveCfg = Release|Any CPU
		{652BEA07-4A81-4304-82CA-451F7A83A387}.Release|Any CPU.Build.0 = Release|Any CPU
		{684085E9-7AAE-4763-9A0E-8251DB9D3477}.Debug|Any CPU.ActiveCfg = Debug|Any CPU
		{684085E9-7AAE-4763-9A0E-8251DB9D3477}.Debug|Any CPU.Build.0 = Debug|Any CPU
		{684085E9-7AAE-4763-9A0E-8251DB9D3477}.Release|Any CPU.ActiveCfg = Release|Any CPU
		{684085E9-7AAE-4763-9A0E-8251DB9D3477}.Release|Any CPU.Build.0 = Release|Any CPU
		{C2630575-0E06-49CF-86A8-9FCDC604BCF9}.Debug|Any CPU.ActiveCfg = Debug|Any CPU
		{C2630575-0E06-49CF-86A8-9FCDC604BCF9}.Debug|Any CPU.Build.0 = Debug|Any CPU
		{C2630575-0E06-49CF-86A8-9FCDC604BCF9}.Release|Any CPU.ActiveCfg = Release|Any CPU
		{C2630575-0E06-49CF-86A8-9FCDC604BCF9}.Release|Any CPU.Build.0 = Release|Any CPU
		{A88ADC3D-7242-4D3D-8706-52DED521475B}.Debug|Any CPU.ActiveCfg = Debug|Any CPU
		{A88ADC3D-7242-4D3D-8706-52DED521475B}.Debug|Any CPU.Build.0 = Debug|Any CPU
		{A88ADC3D-7242-4D3D-8706-52DED521475B}.Release|Any CPU.ActiveCfg = Release|Any CPU
		{A88ADC3D-7242-4D3D-8706-52DED521475B}.Release|Any CPU.Build.0 = Release|Any CPU
		{6AB627F2-0745-44EB-996B-8074C4015E2F}.Debug|Any CPU.ActiveCfg = Debug|Any CPU
		{6AB627F2-0745-44EB-996B-8074C4015E2F}.Debug|Any CPU.Build.0 = Debug|Any CPU
		{6AB627F2-0745-44EB-996B-8074C4015E2F}.Release|Any CPU.ActiveCfg = Release|Any CPU
		{6AB627F2-0745-44EB-996B-8074C4015E2F}.Release|Any CPU.Build.0 = Release|Any CPU
		{E21A8CB7-88BB-4E93-ABCC-E53A005FB4A3}.Debug|Any CPU.ActiveCfg = Debug|Any CPU
		{E21A8CB7-88BB-4E93-ABCC-E53A005FB4A3}.Debug|Any CPU.Build.0 = Debug|Any CPU
		{E21A8CB7-88BB-4E93-ABCC-E53A005FB4A3}.Release|Any CPU.ActiveCfg = Release|Any CPU
		{E21A8CB7-88BB-4E93-ABCC-E53A005FB4A3}.Release|Any CPU.Build.0 = Release|Any CPU
		{711B9E12-4C83-4CBB-9064-4BD6626A5808}.Debug|Any CPU.ActiveCfg = Debug|Any CPU
		{711B9E12-4C83-4CBB-9064-4BD6626A5808}.Debug|Any CPU.Build.0 = Debug|Any CPU
		{711B9E12-4C83-4CBB-9064-4BD6626A5808}.Release|Any CPU.ActiveCfg = Release|Any CPU
		{711B9E12-4C83-4CBB-9064-4BD6626A5808}.Release|Any CPU.Build.0 = Release|Any CPU
		{1A476660-B3F8-4D2B-A794-F22A3DD8BE77}.Debug|Any CPU.ActiveCfg = Debug|Any CPU
		{1A476660-B3F8-4D2B-A794-F22A3DD8BE77}.Debug|Any CPU.Build.0 = Debug|Any CPU
		{1A476660-B3F8-4D2B-A794-F22A3DD8BE77}.Release|Any CPU.ActiveCfg = Release|Any CPU
		{1A476660-B3F8-4D2B-A794-F22A3DD8BE77}.Release|Any CPU.Build.0 = Release|Any CPU
		{C3AE6075-8B1A-40FB-B579-1ACAC1CAA280}.Debug|Any CPU.ActiveCfg = Debug|Any CPU
		{C3AE6075-8B1A-40FB-B579-1ACAC1CAA280}.Debug|Any CPU.Build.0 = Debug|Any CPU
		{C3AE6075-8B1A-40FB-B579-1ACAC1CAA280}.Release|Any CPU.ActiveCfg = Release|Any CPU
		{C3AE6075-8B1A-40FB-B579-1ACAC1CAA280}.Release|Any CPU.Build.0 = Release|Any CPU
		{38065098-C41F-43C6-9D84-022E5CAEEBD5}.Debug|Any CPU.ActiveCfg = Debug|Any CPU
		{38065098-C41F-43C6-9D84-022E5CAEEBD5}.Debug|Any CPU.Build.0 = Debug|Any CPU
		{38065098-C41F-43C6-9D84-022E5CAEEBD5}.Release|Any CPU.ActiveCfg = Release|Any CPU
		{38065098-C41F-43C6-9D84-022E5CAEEBD5}.Release|Any CPU.Build.0 = Release|Any CPU
		{8E0D2463-7F82-4161-9C1D-FE3656D7CF87}.Debug|Any CPU.ActiveCfg = Debug|Any CPU
		{8E0D2463-7F82-4161-9C1D-FE3656D7CF87}.Debug|Any CPU.Build.0 = Debug|Any CPU
		{8E0D2463-7F82-4161-9C1D-FE3656D7CF87}.Release|Any CPU.ActiveCfg = Release|Any CPU
		{8E0D2463-7F82-4161-9C1D-FE3656D7CF87}.Release|Any CPU.Build.0 = Release|Any CPU
		{67BE7A79-3D80-4FD1-805F-CB6A535EFDBF}.Debug|Any CPU.ActiveCfg = Debug|Any CPU
		{67BE7A79-3D80-4FD1-805F-CB6A535EFDBF}.Debug|Any CPU.Build.0 = Debug|Any CPU
		{67BE7A79-3D80-4FD1-805F-CB6A535EFDBF}.Release|Any CPU.ActiveCfg = Release|Any CPU
		{67BE7A79-3D80-4FD1-805F-CB6A535EFDBF}.Release|Any CPU.Build.0 = Release|Any CPU
		{60E38ADB-41BF-4F19-88BE-813480B3D4A5}.Debug|Any CPU.ActiveCfg = Debug|Any CPU
		{60E38ADB-41BF-4F19-88BE-813480B3D4A5}.Debug|Any CPU.Build.0 = Debug|Any CPU
		{60E38ADB-41BF-4F19-88BE-813480B3D4A5}.Release|Any CPU.ActiveCfg = Release|Any CPU
		{60E38ADB-41BF-4F19-88BE-813480B3D4A5}.Release|Any CPU.Build.0 = Release|Any CPU
		{C348655B-C2DF-46EC-931D-907C4675D57B}.Debug|Any CPU.ActiveCfg = Debug|Any CPU
		{C348655B-C2DF-46EC-931D-907C4675D57B}.Debug|Any CPU.Build.0 = Debug|Any CPU
		{C348655B-C2DF-46EC-931D-907C4675D57B}.Release|Any CPU.ActiveCfg = Release|Any CPU
		{C348655B-C2DF-46EC-931D-907C4675D57B}.Release|Any CPU.Build.0 = Release|Any CPU
		{36C3C272-C9B5-4437-959C-F700EDC35E11}.Debug|Any CPU.ActiveCfg = Debug|Any CPU
		{36C3C272-C9B5-4437-959C-F700EDC35E11}.Debug|Any CPU.Build.0 = Debug|Any CPU
		{36C3C272-C9B5-4437-959C-F700EDC35E11}.Release|Any CPU.ActiveCfg = Release|Any CPU
		{36C3C272-C9B5-4437-959C-F700EDC35E11}.Release|Any CPU.Build.0 = Release|Any CPU
		{92E6FEE8-4A01-4A95-8B1E-B4CA0160855D}.Debug|Any CPU.ActiveCfg = Debug|Any CPU
		{92E6FEE8-4A01-4A95-8B1E-B4CA0160855D}.Debug|Any CPU.Build.0 = Debug|Any CPU
		{92E6FEE8-4A01-4A95-8B1E-B4CA0160855D}.Release|Any CPU.ActiveCfg = Release|Any CPU
		{92E6FEE8-4A01-4A95-8B1E-B4CA0160855D}.Release|Any CPU.Build.0 = Release|Any CPU
		{C9AE1843-FEF3-464B-89BC-B8DE4ABFAC22}.Debug|Any CPU.ActiveCfg = Debug|Any CPU
		{C9AE1843-FEF3-464B-89BC-B8DE4ABFAC22}.Debug|Any CPU.Build.0 = Debug|Any CPU
		{C9AE1843-FEF3-464B-89BC-B8DE4ABFAC22}.Release|Any CPU.ActiveCfg = Release|Any CPU
		{C9AE1843-FEF3-464B-89BC-B8DE4ABFAC22}.Release|Any CPU.Build.0 = Release|Any CPU
		{E38E3C3E-D0C6-498F-A095-0427D0B75995}.Debug|Any CPU.ActiveCfg = Debug|Any CPU
		{E38E3C3E-D0C6-498F-A095-0427D0B75995}.Debug|Any CPU.Build.0 = Debug|Any CPU
		{E38E3C3E-D0C6-498F-A095-0427D0B75995}.Release|Any CPU.ActiveCfg = Release|Any CPU
		{E38E3C3E-D0C6-498F-A095-0427D0B75995}.Release|Any CPU.Build.0 = Release|Any CPU
		{6F9D5CCD-B896-4BDA-B196-E840E56BE57B}.Debug|Any CPU.ActiveCfg = Debug|Any CPU
		{6F9D5CCD-B896-4BDA-B196-E840E56BE57B}.Debug|Any CPU.Build.0 = Debug|Any CPU
		{6F9D5CCD-B896-4BDA-B196-E840E56BE57B}.Release|Any CPU.ActiveCfg = Release|Any CPU
		{6F9D5CCD-B896-4BDA-B196-E840E56BE57B}.Release|Any CPU.Build.0 = Release|Any CPU
		{EDF25E38-812C-403C-A8B2-4690BDEA61A5}.Debug|Any CPU.ActiveCfg = Debug|Any CPU
		{EDF25E38-812C-403C-A8B2-4690BDEA61A5}.Debug|Any CPU.Build.0 = Debug|Any CPU
		{EDF25E38-812C-403C-A8B2-4690BDEA61A5}.Release|Any CPU.ActiveCfg = Release|Any CPU
		{EDF25E38-812C-403C-A8B2-4690BDEA61A5}.Release|Any CPU.Build.0 = Release|Any CPU
		{7372EEE8-F369-4958-A167-D38F6FA72B52}.Debug|Any CPU.ActiveCfg = Debug|Any CPU
		{7372EEE8-F369-4958-A167-D38F6FA72B52}.Debug|Any CPU.Build.0 = Debug|Any CPU
		{7372EEE8-F369-4958-A167-D38F6FA72B52}.Release|Any CPU.ActiveCfg = Release|Any CPU
		{7372EEE8-F369-4958-A167-D38F6FA72B52}.Release|Any CPU.Build.0 = Release|Any CPU
		{DA1E89F5-9AFF-4F7E-9818-39F5B951B939}.Debug|Any CPU.ActiveCfg = Debug|Any CPU
		{DA1E89F5-9AFF-4F7E-9818-39F5B951B939}.Debug|Any CPU.Build.0 = Debug|Any CPU
		{DA1E89F5-9AFF-4F7E-9818-39F5B951B939}.Release|Any CPU.ActiveCfg = Release|Any CPU
		{DA1E89F5-9AFF-4F7E-9818-39F5B951B939}.Release|Any CPU.Build.0 = Release|Any CPU
		{2DA6D9ED-553D-4B07-99C7-24791C86B08B}.Debug|Any CPU.ActiveCfg = Debug|Any CPU
		{2DA6D9ED-553D-4B07-99C7-24791C86B08B}.Debug|Any CPU.Build.0 = Debug|Any CPU
		{2DA6D9ED-553D-4B07-99C7-24791C86B08B}.Release|Any CPU.ActiveCfg = Release|Any CPU
		{2DA6D9ED-553D-4B07-99C7-24791C86B08B}.Release|Any CPU.Build.0 = Release|Any CPU
		{8C29A6A4-581F-4B83-98A9-F1CC5AF2ABE1}.Debug|Any CPU.ActiveCfg = Debug|Any CPU
		{8C29A6A4-581F-4B83-98A9-F1CC5AF2ABE1}.Debug|Any CPU.Build.0 = Debug|Any CPU
		{8C29A6A4-581F-4B83-98A9-F1CC5AF2ABE1}.Release|Any CPU.ActiveCfg = Release|Any CPU
		{8C29A6A4-581F-4B83-98A9-F1CC5AF2ABE1}.Release|Any CPU.Build.0 = Release|Any CPU
		{06842812-98AA-473C-AD09-9C4939D794BE}.Debug|Any CPU.ActiveCfg = Debug|Any CPU
		{06842812-98AA-473C-AD09-9C4939D794BE}.Debug|Any CPU.Build.0 = Debug|Any CPU
		{06842812-98AA-473C-AD09-9C4939D794BE}.Release|Any CPU.ActiveCfg = Release|Any CPU
		{06842812-98AA-473C-AD09-9C4939D794BE}.Release|Any CPU.Build.0 = Release|Any CPU
		{E1944AB7-5230-4ADA-B836-794EDA139580}.Debug|Any CPU.ActiveCfg = Debug|Any CPU
		{E1944AB7-5230-4ADA-B836-794EDA139580}.Debug|Any CPU.Build.0 = Debug|Any CPU
		{E1944AB7-5230-4ADA-B836-794EDA139580}.Release|Any CPU.ActiveCfg = Release|Any CPU
		{E1944AB7-5230-4ADA-B836-794EDA139580}.Release|Any CPU.Build.0 = Release|Any CPU
		{FD424177-744A-4DBA-BE2E-F6CDF806F626}.Debug|Any CPU.ActiveCfg = Debug|Any CPU
		{FD424177-744A-4DBA-BE2E-F6CDF806F626}.Debug|Any CPU.Build.0 = Debug|Any CPU
		{FD424177-744A-4DBA-BE2E-F6CDF806F626}.Release|Any CPU.ActiveCfg = Release|Any CPU
		{FD424177-744A-4DBA-BE2E-F6CDF806F626}.Release|Any CPU.Build.0 = Release|Any CPU
		{3FF1C3C0-9385-47D8-885D-1F1FABFE5AE0}.Debug|Any CPU.ActiveCfg = Debug|Any CPU
		{3FF1C3C0-9385-47D8-885D-1F1FABFE5AE0}.Debug|Any CPU.Build.0 = Debug|Any CPU
		{3FF1C3C0-9385-47D8-885D-1F1FABFE5AE0}.Release|Any CPU.ActiveCfg = Release|Any CPU
		{3FF1C3C0-9385-47D8-885D-1F1FABFE5AE0}.Release|Any CPU.Build.0 = Release|Any CPU
		{B6866BDA-7254-4827-86FA-9D23D1579413}.Debug|Any CPU.ActiveCfg = Debug|Any CPU
		{B6866BDA-7254-4827-86FA-9D23D1579413}.Debug|Any CPU.Build.0 = Debug|Any CPU
		{B6866BDA-7254-4827-86FA-9D23D1579413}.Release|Any CPU.ActiveCfg = Release|Any CPU
		{B6866BDA-7254-4827-86FA-9D23D1579413}.Release|Any CPU.Build.0 = Release|Any CPU
		{286F03B5-AD72-429C-BB7B-5AD961C02BD5}.Debug|Any CPU.ActiveCfg = Debug|Any CPU
		{286F03B5-AD72-429C-BB7B-5AD961C02BD5}.Debug|Any CPU.Build.0 = Debug|Any CPU
		{286F03B5-AD72-429C-BB7B-5AD961C02BD5}.Release|Any CPU.ActiveCfg = Release|Any CPU
		{286F03B5-AD72-429C-BB7B-5AD961C02BD5}.Release|Any CPU.Build.0 = Release|Any CPU
		{A52527BE-3F71-4417-8465-FEEB6BD89C83}.Debug|Any CPU.ActiveCfg = Debug|Any CPU
		{A52527BE-3F71-4417-8465-FEEB6BD89C83}.Debug|Any CPU.Build.0 = Debug|Any CPU
		{A52527BE-3F71-4417-8465-FEEB6BD89C83}.Release|Any CPU.ActiveCfg = Release|Any CPU
		{A52527BE-3F71-4417-8465-FEEB6BD89C83}.Release|Any CPU.Build.0 = Release|Any CPU
		{1EA6244A-5CB2-46D9-98C3-F25AFD989B80}.Debug|Any CPU.ActiveCfg = Debug|Any CPU
		{1EA6244A-5CB2-46D9-98C3-F25AFD989B80}.Debug|Any CPU.Build.0 = Debug|Any CPU
		{1EA6244A-5CB2-46D9-98C3-F25AFD989B80}.Release|Any CPU.ActiveCfg = Release|Any CPU
		{1EA6244A-5CB2-46D9-98C3-F25AFD989B80}.Release|Any CPU.Build.0 = Release|Any CPU
		{7A20C56D-F382-48B4-883B-40595A300613}.Debug|Any CPU.ActiveCfg = Debug|Any CPU
		{7A20C56D-F382-48B4-883B-40595A300613}.Debug|Any CPU.Build.0 = Debug|Any CPU
		{7A20C56D-F382-48B4-883B-40595A300613}.Release|Any CPU.ActiveCfg = Release|Any CPU
		{7A20C56D-F382-48B4-883B-40595A300613}.Release|Any CPU.Build.0 = Release|Any CPU
		{94AA71F8-A23A-4EBF-934C-EB25513F9637}.Debug|Any CPU.ActiveCfg = Debug|Any CPU
		{94AA71F8-A23A-4EBF-934C-EB25513F9637}.Debug|Any CPU.Build.0 = Debug|Any CPU
		{94AA71F8-A23A-4EBF-934C-EB25513F9637}.Release|Any CPU.ActiveCfg = Release|Any CPU
		{94AA71F8-A23A-4EBF-934C-EB25513F9637}.Release|Any CPU.Build.0 = Release|Any CPU
		{35ACA174-0AF9-421C-8536-6D5E12C859CB}.Debug|Any CPU.ActiveCfg = Debug|Any CPU
		{35ACA174-0AF9-421C-8536-6D5E12C859CB}.Debug|Any CPU.Build.0 = Debug|Any CPU
		{35ACA174-0AF9-421C-8536-6D5E12C859CB}.Release|Any CPU.ActiveCfg = Release|Any CPU
		{35ACA174-0AF9-421C-8536-6D5E12C859CB}.Release|Any CPU.Build.0 = Release|Any CPU
		{18C4A871-259F-4F85-B9FD-4AF55E481DA8}.Debug|Any CPU.ActiveCfg = Debug|Any CPU
		{18C4A871-259F-4F85-B9FD-4AF55E481DA8}.Debug|Any CPU.Build.0 = Debug|Any CPU
		{18C4A871-259F-4F85-B9FD-4AF55E481DA8}.Release|Any CPU.ActiveCfg = Release|Any CPU
		{18C4A871-259F-4F85-B9FD-4AF55E481DA8}.Release|Any CPU.Build.0 = Release|Any CPU
		{71904C61-A8F8-47D1-9F45-A9C0494D3B3E}.Debug|Any CPU.ActiveCfg = Debug|Any CPU
		{71904C61-A8F8-47D1-9F45-A9C0494D3B3E}.Debug|Any CPU.Build.0 = Debug|Any CPU
		{71904C61-A8F8-47D1-9F45-A9C0494D3B3E}.Release|Any CPU.ActiveCfg = Release|Any CPU
		{71904C61-A8F8-47D1-9F45-A9C0494D3B3E}.Release|Any CPU.Build.0 = Release|Any CPU
		{853B1180-6A44-4565-B43F-DCE2318BC4CF}.Debug|Any CPU.ActiveCfg = Debug|Any CPU
		{853B1180-6A44-4565-B43F-DCE2318BC4CF}.Debug|Any CPU.Build.0 = Debug|Any CPU
		{853B1180-6A44-4565-B43F-DCE2318BC4CF}.Release|Any CPU.ActiveCfg = Release|Any CPU
		{853B1180-6A44-4565-B43F-DCE2318BC4CF}.Release|Any CPU.Build.0 = Release|Any CPU
		{AB0005DD-CE03-46BC-A4B6-70A2E19112A9}.Debug|Any CPU.ActiveCfg = Debug|Any CPU
		{AB0005DD-CE03-46BC-A4B6-70A2E19112A9}.Debug|Any CPU.Build.0 = Debug|Any CPU
		{AB0005DD-CE03-46BC-A4B6-70A2E19112A9}.Release|Any CPU.ActiveCfg = Release|Any CPU
		{AB0005DD-CE03-46BC-A4B6-70A2E19112A9}.Release|Any CPU.Build.0 = Release|Any CPU
		{AF8AE395-5B07-4CE3-B628-0E3FF8481C39}.Debug|Any CPU.ActiveCfg = Debug|Any CPU
		{AF8AE395-5B07-4CE3-B628-0E3FF8481C39}.Debug|Any CPU.Build.0 = Debug|Any CPU
		{AF8AE395-5B07-4CE3-B628-0E3FF8481C39}.Release|Any CPU.ActiveCfg = Release|Any CPU
		{AF8AE395-5B07-4CE3-B628-0E3FF8481C39}.Release|Any CPU.Build.0 = Release|Any CPU
		{59522673-35F3-4907-AEBE-2F67AF3BCA51}.Debug|Any CPU.ActiveCfg = Debug|Any CPU
		{59522673-35F3-4907-AEBE-2F67AF3BCA51}.Debug|Any CPU.Build.0 = Debug|Any CPU
		{59522673-35F3-4907-AEBE-2F67AF3BCA51}.Release|Any CPU.ActiveCfg = Release|Any CPU
		{59522673-35F3-4907-AEBE-2F67AF3BCA51}.Release|Any CPU.Build.0 = Release|Any CPU
		{62E87B67-D5FF-4A62-8F9A-F28F400D1892}.Debug|Any CPU.ActiveCfg = Debug|Any CPU
		{62E87B67-D5FF-4A62-8F9A-F28F400D1892}.Debug|Any CPU.Build.0 = Debug|Any CPU
		{62E87B67-D5FF-4A62-8F9A-F28F400D1892}.Release|Any CPU.ActiveCfg = Release|Any CPU
		{62E87B67-D5FF-4A62-8F9A-F28F400D1892}.Release|Any CPU.Build.0 = Release|Any CPU
		{EEBDA05C-AEF5-4167-80A6-F497131121DC}.Debug|Any CPU.ActiveCfg = Debug|Any CPU
		{EEBDA05C-AEF5-4167-80A6-F497131121DC}.Debug|Any CPU.Build.0 = Debug|Any CPU
		{EEBDA05C-AEF5-4167-80A6-F497131121DC}.Release|Any CPU.ActiveCfg = Release|Any CPU
		{EEBDA05C-AEF5-4167-80A6-F497131121DC}.Release|Any CPU.Build.0 = Release|Any CPU
		{D3CA5BB5-6B73-492A-8AF2-8AA6AA5A5BC0}.Debug|Any CPU.ActiveCfg = Debug|Any CPU
		{D3CA5BB5-6B73-492A-8AF2-8AA6AA5A5BC0}.Debug|Any CPU.Build.0 = Debug|Any CPU
		{D3CA5BB5-6B73-492A-8AF2-8AA6AA5A5BC0}.Release|Any CPU.ActiveCfg = Release|Any CPU
		{D3CA5BB5-6B73-492A-8AF2-8AA6AA5A5BC0}.Release|Any CPU.Build.0 = Release|Any CPU
		{02C50074-3864-4055-9FD1-F48B1705FD53}.Debug|Any CPU.ActiveCfg = Debug|Any CPU
		{02C50074-3864-4055-9FD1-F48B1705FD53}.Debug|Any CPU.Build.0 = Debug|Any CPU
		{02C50074-3864-4055-9FD1-F48B1705FD53}.Release|Any CPU.ActiveCfg = Release|Any CPU
		{02C50074-3864-4055-9FD1-F48B1705FD53}.Release|Any CPU.Build.0 = Release|Any CPU
		{FD2BCC52-078D-4924-AE28-C23F9B1F1E93}.Debug|Any CPU.ActiveCfg = Debug|Any CPU
		{FD2BCC52-078D-4924-AE28-C23F9B1F1E93}.Debug|Any CPU.Build.0 = Debug|Any CPU
		{FD2BCC52-078D-4924-AE28-C23F9B1F1E93}.Release|Any CPU.ActiveCfg = Release|Any CPU
		{FD2BCC52-078D-4924-AE28-C23F9B1F1E93}.Release|Any CPU.Build.0 = Release|Any CPU
	EndGlobalSection
	GlobalSection(SolutionProperties) = preSolution
		HideSolutionNode = FALSE
	EndGlobalSection
	GlobalSection(ExtensibilityGlobals) = postSolution
		SolutionGuid = {ADD6E895-2398-464D-B3C7-8F7C0EDF73E3}
	EndGlobalSection
EndGlobal
